
Microsoft Visual Studio Solution File, Format Version 12.00
# Visual Studio Version 16
VisualStudioVersion = 16.0.29418.71
MinimumVisualStudioVersion = 10.0.40219.1
Project("{9A19103F-16F7-4668-BE54-9A1E7A4F7556}") = "BaSyx.API", "basyx-core\BaSyx.API\BaSyx.API.csproj", "{87045925-FD2C-4BC9-BA55-8B4080BBA49C}"
EndProject
Project("{9A19103F-16F7-4668-BE54-9A1E7A4F7556}") = "BaSyx.Utils", "basyx-core\BaSyx.Utils\BaSyx.Utils.csproj", "{87783EE4-52CD-4B54-B278-B61A7B9E226A}"
EndProject
Project("{9A19103F-16F7-4668-BE54-9A1E7A4F7556}") = "BaSyx.Models", "basyx-core\BaSyx.Models\BaSyx.Models.csproj", "{BDC1FBE1-5F0F-4AEB-B8B0-D10A0922A3C1}"
EndProject
Project("{2150E333-8FDC-42A3-9474-1A3956D46DE8}") = "Core", "Core", "{7789655B-5AB4-4FA7-87F5-CC75DA047427}"
EndProject
Project("{9A19103F-16F7-4668-BE54-9A1E7A4F7556}") = "BaSyx.Models.Export", "basyx-core\BaSyx.Models.Export\BaSyx.Models.Export.csproj", "{47F87FC5-0CA9-4C4E-83DB-F886E7CDB543}"
EndProject
Project("{9A19103F-16F7-4668-BE54-9A1E7A4F7556}") = "BaSyx.Utils.DependencyInjection", "basyx-core\BaSyx.Utils.DependencyInjection\BaSyx.Utils.DependencyInjection.csproj", "{1809BE55-BDB5-4937-ADF3-05B9A9CCED06}"
EndProject
Project("{9A19103F-16F7-4668-BE54-9A1E7A4F7556}") = "BaSyx.Utils.DependencyInjection.Abstractions", "basyx-core\BaSyx.Utils.DependencyInjection.Abstractions\BaSyx.Utils.DependencyInjection.Abstractions.csproj", "{DF38D3F1-3F2A-49C8-9FB8-1E1667FC8177}"
EndProject
Project("{9A19103F-16F7-4668-BE54-9A1E7A4F7556}") = "BaSyx.Utils.Client.Mqtt", "basyx-core\BaSyx.Utils.Client.Mqtt\BaSyx.Utils.Client.Mqtt.csproj", "{CBA318C0-06E2-4AB7-B4A1-A5AC63A761EE}"
EndProject
Project("{2150E333-8FDC-42A3-9474-1A3956D46DE8}") = "Components", "Components", "{07694C71-F77F-4234-8AD7-D1950C655BE9}"
EndProject
Project("{9A19103F-16F7-4668-BE54-9A1E7A4F7556}") = "BaSyx.AAS.Client.Http", "basyx-components\BaSyx.AAS.Client.Http\BaSyx.AAS.Client.Http.csproj", "{3F2DB155-61ED-4590-A732-3D610364D911}"
EndProject
Project("{9A19103F-16F7-4668-BE54-9A1E7A4F7556}") = "BaSyx.AAS.Server.Http", "basyx-components\BaSyx.AAS.Server.Http\BaSyx.AAS.Server.Http.csproj", "{4272B73E-A9A6-4873-B930-C38E44959246}"
EndProject
Project("{9A19103F-16F7-4668-BE54-9A1E7A4F7556}") = "BaSyx.Components.Common", "basyx-components\BaSyx.Components.Common\BaSyx.Components.Common.csproj", "{6218895D-00B8-422E-A514-1A27960D6ADB}"
EndProject
Project("{9A19103F-16F7-4668-BE54-9A1E7A4F7556}") = "BaSyx.Discovery.mDNS", "basyx-components\BaSyx.Discovery.mDNS\BaSyx.Discovery.mDNS.csproj", "{03477D1E-0E90-471F-A1D7-3681D6F87AEC}"
EndProject
Project("{9A19103F-16F7-4668-BE54-9A1E7A4F7556}") = "BaSyx.Registry.Client.Http", "basyx-components\BaSyx.Registry.Client.Http\BaSyx.Registry.Client.Http.csproj", "{722BBA80-D4A2-4DDF-9FCD-D623C891B129}"
EndProject
Project("{9A19103F-16F7-4668-BE54-9A1E7A4F7556}") = "BaSyx.Registry.ReferenceImpl.FileBased", "basyx-components\BaSyx.Registry.ReferenceImpl.FileBased\BaSyx.Registry.ReferenceImpl.FileBased.csproj", "{454A9CD0-D712-41EE-90FD-1230AB0078A3}"
EndProject
Project("{9A19103F-16F7-4668-BE54-9A1E7A4F7556}") = "BaSyx.Registry.Server.Http", "basyx-components\BaSyx.Registry.Server.Http\BaSyx.Registry.Server.Http.csproj", "{59B45EEC-A5C0-4587-8D96-A583E02E9E5D}"
EndProject
Project("{9A19103F-16F7-4668-BE54-9A1E7A4F7556}") = "BaSyx.Submodel.Client.Http", "basyx-components\BaSyx.Submodel.Client.Http\BaSyx.Submodel.Client.Http.csproj", "{4FE55317-2AAB-49BA-AA14-D54A45789A00}"
EndProject
Project("{9A19103F-16F7-4668-BE54-9A1E7A4F7556}") = "BaSyx.Submodel.Server.Http", "basyx-components\BaSyx.Submodel.Server.Http\BaSyx.Submodel.Server.Http.csproj", "{90FA2548-0D3D-4722-B550-C19911538678}"
EndProject
Project("{2150E333-8FDC-42A3-9474-1A3956D46DE8}") = "Examples", "Examples", "{6BED1277-39C4-4335-9F69-7D995AA256EA}"
EndProject
Project("{9A19103F-16F7-4668-BE54-9A1E7A4F7556}") = "HelloAssetAdministrationShell", "basyx-examples\HelloAssetAdministrationShell\HelloAssetAdministrationShell.csproj", "{C7563CBB-CD43-4C0A-A350-1637A63DF8C9}"
EndProject
Project("{9A19103F-16F7-4668-BE54-9A1E7A4F7556}") = "MultiAssetAdministrationShell", "basyx-examples\MultiAssetAdministrationShell\MultiAssetAdministrationShell.csproj", "{26324BD2-50E4-4068-8514-876FACF16EA4}"
EndProject
Project("{9A19103F-16F7-4668-BE54-9A1E7A4F7556}") = "SimpleAssetAdministrationShell", "basyx-examples\SimpleAssetAdministrationShell\SimpleAssetAdministrationShell.csproj", "{15289DD1-5B1A-4360-9FFD-BD9857D34782}"
EndProject
Project("{9A19103F-16F7-4668-BE54-9A1E7A4F7556}") = "BaSyx.API.Http.Controllers", "basyx-components\BaSyx.API.Http.Controllers\BaSyx.API.Http.Controllers.csproj", "{3043CCB3-D267-4CC0-9FF8-7BA0669C15F3}"
EndProject
Project("{9A19103F-16F7-4668-BE54-9A1E7A4F7556}") = "BaSyx.API.Http.Controllers.AASX", "basyx-components\BaSyx.API.Http.Controllers.AASX\BaSyx.API.Http.Controllers.AASX.csproj", "{4A3F2F8D-C202-4340-9E89-49F5A841708A}"
EndProject
Project("{9A19103F-16F7-4668-BE54-9A1E7A4F7556}") = "BaSyx.CLI", "basyx-components\BaSyx.CLI\BaSyx.CLI.csproj", "{3FF6AB3E-B6EC-43BA-B3F7-72FF434357E9}"
EndProject
Project("{9A19103F-16F7-4668-BE54-9A1E7A4F7556}") = "BaSyx.Components.Tests", "basyx-components\BaSyx.Components.Tests\BaSyx.Components.Tests.csproj", "{09DE8F6D-F9BD-42FF-B5E9-16C9047EBED7}"
EndProject
Project("{9A19103F-16F7-4668-BE54-9A1E7A4F7556}") = "BaSyx.Core.Tests", "basyx-core\BaSyx.Core.Tests\BaSyx.Core.Tests.csproj", "{8A3F97A9-EF97-46E1-A6B0-2FE550ED9BD5}"
EndProject
Project("{9A19103F-16F7-4668-BE54-9A1E7A4F7556}") = "ComplexAssetAdministrationShellScenario", "basyx-examples\ComplexAssetAdministrationShellScenario\ComplexAssetAdministrationShellScenario.csproj", "{0B4BD74E-D216-44BF-BFE9-B7F338CDDAFC}"
EndProject
Project("{9A19103F-16F7-4668-BE54-9A1E7A4F7556}") = "BaSyx.Common.UI", "basyx-components\BaSyx.Common.UI\BaSyx.Common.UI.csproj", "{27F0F9AE-857F-47DC-B775-E565D9C80469}"
EndProject
Project("{9A19103F-16F7-4668-BE54-9A1E7A4F7556}") = "BaSyx.Common.UI.Swagger", "basyx-components\BaSyx.Common.UI.Swagger\BaSyx.Common.UI.Swagger.csproj", "{7F2F030E-64C1-44E2-B791-6FB43A7DC7FC}"
EndProject
Project("{9A19103F-16F7-4668-BE54-9A1E7A4F7556}") = "BaSyx.Components.Common.Abstractions", "basyx-components\BaSyx.Components.Common.Abstractions\BaSyx.Components.Common.Abstractions.csproj", "{3C0717E5-D544-4E61-86E5-F17BCD7AE940}"
EndProject
Project("{2150E333-8FDC-42A3-9474-1A3956D46DE8}") = "Applications", "Applications", "{259A3A27-E418-4638-BD00-D4F67EF41A63}"
EndProject
Project("{9A19103F-16F7-4668-BE54-9A1E7A4F7556}") = "BaSyx.AASX.Server.Http.App", "basyx-applications\BaSyx.AASX.Server.Http.App\BaSyx.AASX.Server.Http.App.csproj", "{2F4EE682-BF7B-4AF6-8BDC-39A551C055B5}"
EndProject
Project("{9A19103F-16F7-4668-BE54-9A1E7A4F7556}") = "BaSyx.Registry.Server.Http.App", "basyx-applications\BaSyx.Registry.Server.Http.App\BaSyx.Registry.Server.Http.App.csproj", "{C7256255-2909-4C56-AA25-672B08FFC7BD}"
EndProject
Project("{2150E333-8FDC-42A3-9474-1A3956D46DE8}") = "Simulation", "Simulation", "{D7229B83-E32A-41BD-B8FF-982F7B41F109}"
EndProject
Project("{9A19103F-16F7-4668-BE54-9A1E7A4F7556}") = "BaSyx.Simulation.Socket", "basyx-simulation\BaSyx.Simulation.Socket\BaSyx.Simulation.Socket.csproj", "{F243E804-8E5E-4EBB-9CB7-7E78F8CC78C1}"
EndProject
Global
	GlobalSection(SolutionConfigurationPlatforms) = preSolution
		Debug|Any CPU = Debug|Any CPU
		Release|Any CPU = Release|Any CPU
		RemoteDebug|Any CPU = RemoteDebug|Any CPU
	EndGlobalSection
	GlobalSection(ProjectConfigurationPlatforms) = postSolution
		{87045925-FD2C-4BC9-BA55-8B4080BBA49C}.Debug|Any CPU.ActiveCfg = Debug|Any CPU
		{87045925-FD2C-4BC9-BA55-8B4080BBA49C}.Debug|Any CPU.Build.0 = Debug|Any CPU
		{87045925-FD2C-4BC9-BA55-8B4080BBA49C}.Release|Any CPU.ActiveCfg = Release|Any CPU
		{87045925-FD2C-4BC9-BA55-8B4080BBA49C}.Release|Any CPU.Build.0 = Release|Any CPU
		{87045925-FD2C-4BC9-BA55-8B4080BBA49C}.RemoteDebug|Any CPU.ActiveCfg = Debug|Any CPU
		{87045925-FD2C-4BC9-BA55-8B4080BBA49C}.RemoteDebug|Any CPU.Build.0 = Debug|Any CPU
		{87783EE4-52CD-4B54-B278-B61A7B9E226A}.Debug|Any CPU.ActiveCfg = Debug|Any CPU
		{87783EE4-52CD-4B54-B278-B61A7B9E226A}.Debug|Any CPU.Build.0 = Debug|Any CPU
		{87783EE4-52CD-4B54-B278-B61A7B9E226A}.Release|Any CPU.ActiveCfg = Release|Any CPU
		{87783EE4-52CD-4B54-B278-B61A7B9E226A}.Release|Any CPU.Build.0 = Release|Any CPU
		{87783EE4-52CD-4B54-B278-B61A7B9E226A}.RemoteDebug|Any CPU.ActiveCfg = Debug|Any CPU
		{87783EE4-52CD-4B54-B278-B61A7B9E226A}.RemoteDebug|Any CPU.Build.0 = Debug|Any CPU
		{BDC1FBE1-5F0F-4AEB-B8B0-D10A0922A3C1}.Debug|Any CPU.ActiveCfg = Debug|Any CPU
		{BDC1FBE1-5F0F-4AEB-B8B0-D10A0922A3C1}.Debug|Any CPU.Build.0 = Debug|Any CPU
		{BDC1FBE1-5F0F-4AEB-B8B0-D10A0922A3C1}.Release|Any CPU.ActiveCfg = Release|Any CPU
		{BDC1FBE1-5F0F-4AEB-B8B0-D10A0922A3C1}.Release|Any CPU.Build.0 = Release|Any CPU
		{BDC1FBE1-5F0F-4AEB-B8B0-D10A0922A3C1}.RemoteDebug|Any CPU.ActiveCfg = Debug|Any CPU
		{BDC1FBE1-5F0F-4AEB-B8B0-D10A0922A3C1}.RemoteDebug|Any CPU.Build.0 = Debug|Any CPU
		{47F87FC5-0CA9-4C4E-83DB-F886E7CDB543}.Debug|Any CPU.ActiveCfg = Debug|Any CPU
		{47F87FC5-0CA9-4C4E-83DB-F886E7CDB543}.Debug|Any CPU.Build.0 = Debug|Any CPU
		{47F87FC5-0CA9-4C4E-83DB-F886E7CDB543}.Release|Any CPU.ActiveCfg = Release|Any CPU
		{47F87FC5-0CA9-4C4E-83DB-F886E7CDB543}.Release|Any CPU.Build.0 = Release|Any CPU
		{47F87FC5-0CA9-4C4E-83DB-F886E7CDB543}.RemoteDebug|Any CPU.ActiveCfg = Debug|Any CPU
		{47F87FC5-0CA9-4C4E-83DB-F886E7CDB543}.RemoteDebug|Any CPU.Build.0 = Debug|Any CPU
		{1809BE55-BDB5-4937-ADF3-05B9A9CCED06}.Debug|Any CPU.ActiveCfg = Debug|Any CPU
		{1809BE55-BDB5-4937-ADF3-05B9A9CCED06}.Debug|Any CPU.Build.0 = Debug|Any CPU
		{1809BE55-BDB5-4937-ADF3-05B9A9CCED06}.Release|Any CPU.ActiveCfg = Release|Any CPU
		{1809BE55-BDB5-4937-ADF3-05B9A9CCED06}.Release|Any CPU.Build.0 = Release|Any CPU
		{1809BE55-BDB5-4937-ADF3-05B9A9CCED06}.RemoteDebug|Any CPU.ActiveCfg = Debug|Any CPU
		{1809BE55-BDB5-4937-ADF3-05B9A9CCED06}.RemoteDebug|Any CPU.Build.0 = Debug|Any CPU
		{DF38D3F1-3F2A-49C8-9FB8-1E1667FC8177}.Debug|Any CPU.ActiveCfg = Debug|Any CPU
		{DF38D3F1-3F2A-49C8-9FB8-1E1667FC8177}.Debug|Any CPU.Build.0 = Debug|Any CPU
		{DF38D3F1-3F2A-49C8-9FB8-1E1667FC8177}.Release|Any CPU.ActiveCfg = Release|Any CPU
		{DF38D3F1-3F2A-49C8-9FB8-1E1667FC8177}.Release|Any CPU.Build.0 = Release|Any CPU
		{DF38D3F1-3F2A-49C8-9FB8-1E1667FC8177}.RemoteDebug|Any CPU.ActiveCfg = Debug|Any CPU
		{DF38D3F1-3F2A-49C8-9FB8-1E1667FC8177}.RemoteDebug|Any CPU.Build.0 = Debug|Any CPU
		{CBA318C0-06E2-4AB7-B4A1-A5AC63A761EE}.Debug|Any CPU.ActiveCfg = Debug|Any CPU
		{CBA318C0-06E2-4AB7-B4A1-A5AC63A761EE}.Debug|Any CPU.Build.0 = Debug|Any CPU
		{CBA318C0-06E2-4AB7-B4A1-A5AC63A761EE}.Release|Any CPU.ActiveCfg = Release|Any CPU
		{CBA318C0-06E2-4AB7-B4A1-A5AC63A761EE}.Release|Any CPU.Build.0 = Release|Any CPU
		{CBA318C0-06E2-4AB7-B4A1-A5AC63A761EE}.RemoteDebug|Any CPU.ActiveCfg = Debug|Any CPU
		{CBA318C0-06E2-4AB7-B4A1-A5AC63A761EE}.RemoteDebug|Any CPU.Build.0 = Debug|Any CPU
		{3F2DB155-61ED-4590-A732-3D610364D911}.Debug|Any CPU.ActiveCfg = Debug|Any CPU
		{3F2DB155-61ED-4590-A732-3D610364D911}.Debug|Any CPU.Build.0 = Debug|Any CPU
		{3F2DB155-61ED-4590-A732-3D610364D911}.Release|Any CPU.ActiveCfg = Release|Any CPU
		{3F2DB155-61ED-4590-A732-3D610364D911}.Release|Any CPU.Build.0 = Release|Any CPU
		{3F2DB155-61ED-4590-A732-3D610364D911}.RemoteDebug|Any CPU.ActiveCfg = Debug|Any CPU
		{3F2DB155-61ED-4590-A732-3D610364D911}.RemoteDebug|Any CPU.Build.0 = Debug|Any CPU
		{4272B73E-A9A6-4873-B930-C38E44959246}.Debug|Any CPU.ActiveCfg = Debug|Any CPU
		{4272B73E-A9A6-4873-B930-C38E44959246}.Debug|Any CPU.Build.0 = Debug|Any CPU
		{4272B73E-A9A6-4873-B930-C38E44959246}.Release|Any CPU.ActiveCfg = Release|Any CPU
		{4272B73E-A9A6-4873-B930-C38E44959246}.Release|Any CPU.Build.0 = Release|Any CPU
		{4272B73E-A9A6-4873-B930-C38E44959246}.RemoteDebug|Any CPU.ActiveCfg = Debug|Any CPU
		{4272B73E-A9A6-4873-B930-C38E44959246}.RemoteDebug|Any CPU.Build.0 = Debug|Any CPU
		{6218895D-00B8-422E-A514-1A27960D6ADB}.Debug|Any CPU.ActiveCfg = Debug|Any CPU
		{6218895D-00B8-422E-A514-1A27960D6ADB}.Debug|Any CPU.Build.0 = Debug|Any CPU
		{6218895D-00B8-422E-A514-1A27960D6ADB}.Release|Any CPU.ActiveCfg = Release|Any CPU
		{6218895D-00B8-422E-A514-1A27960D6ADB}.Release|Any CPU.Build.0 = Release|Any CPU
		{6218895D-00B8-422E-A514-1A27960D6ADB}.RemoteDebug|Any CPU.ActiveCfg = Debug|Any CPU
		{6218895D-00B8-422E-A514-1A27960D6ADB}.RemoteDebug|Any CPU.Build.0 = Debug|Any CPU
		{03477D1E-0E90-471F-A1D7-3681D6F87AEC}.Debug|Any CPU.ActiveCfg = Debug|Any CPU
		{03477D1E-0E90-471F-A1D7-3681D6F87AEC}.Debug|Any CPU.Build.0 = Debug|Any CPU
		{03477D1E-0E90-471F-A1D7-3681D6F87AEC}.Release|Any CPU.ActiveCfg = Release|Any CPU
		{03477D1E-0E90-471F-A1D7-3681D6F87AEC}.Release|Any CPU.Build.0 = Release|Any CPU
		{03477D1E-0E90-471F-A1D7-3681D6F87AEC}.RemoteDebug|Any CPU.ActiveCfg = Debug|Any CPU
		{03477D1E-0E90-471F-A1D7-3681D6F87AEC}.RemoteDebug|Any CPU.Build.0 = Debug|Any CPU
		{722BBA80-D4A2-4DDF-9FCD-D623C891B129}.Debug|Any CPU.ActiveCfg = Debug|Any CPU
		{722BBA80-D4A2-4DDF-9FCD-D623C891B129}.Debug|Any CPU.Build.0 = Debug|Any CPU
		{722BBA80-D4A2-4DDF-9FCD-D623C891B129}.Release|Any CPU.ActiveCfg = Release|Any CPU
		{722BBA80-D4A2-4DDF-9FCD-D623C891B129}.Release|Any CPU.Build.0 = Release|Any CPU
		{722BBA80-D4A2-4DDF-9FCD-D623C891B129}.RemoteDebug|Any CPU.ActiveCfg = Debug|Any CPU
		{722BBA80-D4A2-4DDF-9FCD-D623C891B129}.RemoteDebug|Any CPU.Build.0 = Debug|Any CPU
		{454A9CD0-D712-41EE-90FD-1230AB0078A3}.Debug|Any CPU.ActiveCfg = Debug|Any CPU
		{454A9CD0-D712-41EE-90FD-1230AB0078A3}.Debug|Any CPU.Build.0 = Debug|Any CPU
		{454A9CD0-D712-41EE-90FD-1230AB0078A3}.Release|Any CPU.ActiveCfg = Release|Any CPU
		{454A9CD0-D712-41EE-90FD-1230AB0078A3}.Release|Any CPU.Build.0 = Release|Any CPU
		{454A9CD0-D712-41EE-90FD-1230AB0078A3}.RemoteDebug|Any CPU.ActiveCfg = Debug|Any CPU
		{454A9CD0-D712-41EE-90FD-1230AB0078A3}.RemoteDebug|Any CPU.Build.0 = Debug|Any CPU
		{59B45EEC-A5C0-4587-8D96-A583E02E9E5D}.Debug|Any CPU.ActiveCfg = Debug|Any CPU
		{59B45EEC-A5C0-4587-8D96-A583E02E9E5D}.Debug|Any CPU.Build.0 = Debug|Any CPU
		{59B45EEC-A5C0-4587-8D96-A583E02E9E5D}.Release|Any CPU.ActiveCfg = Release|Any CPU
		{59B45EEC-A5C0-4587-8D96-A583E02E9E5D}.Release|Any CPU.Build.0 = Release|Any CPU
		{59B45EEC-A5C0-4587-8D96-A583E02E9E5D}.RemoteDebug|Any CPU.ActiveCfg = Debug|Any CPU
		{59B45EEC-A5C0-4587-8D96-A583E02E9E5D}.RemoteDebug|Any CPU.Build.0 = Debug|Any CPU
		{4FE55317-2AAB-49BA-AA14-D54A45789A00}.Debug|Any CPU.ActiveCfg = Debug|Any CPU
		{4FE55317-2AAB-49BA-AA14-D54A45789A00}.Debug|Any CPU.Build.0 = Debug|Any CPU
		{4FE55317-2AAB-49BA-AA14-D54A45789A00}.Release|Any CPU.ActiveCfg = Release|Any CPU
		{4FE55317-2AAB-49BA-AA14-D54A45789A00}.Release|Any CPU.Build.0 = Release|Any CPU
		{4FE55317-2AAB-49BA-AA14-D54A45789A00}.RemoteDebug|Any CPU.ActiveCfg = Debug|Any CPU
		{4FE55317-2AAB-49BA-AA14-D54A45789A00}.RemoteDebug|Any CPU.Build.0 = Debug|Any CPU
		{90FA2548-0D3D-4722-B550-C19911538678}.Debug|Any CPU.ActiveCfg = Debug|Any CPU
		{90FA2548-0D3D-4722-B550-C19911538678}.Debug|Any CPU.Build.0 = Debug|Any CPU
		{90FA2548-0D3D-4722-B550-C19911538678}.Release|Any CPU.ActiveCfg = Release|Any CPU
		{90FA2548-0D3D-4722-B550-C19911538678}.Release|Any CPU.Build.0 = Release|Any CPU
		{90FA2548-0D3D-4722-B550-C19911538678}.RemoteDebug|Any CPU.ActiveCfg = Debug|Any CPU
		{90FA2548-0D3D-4722-B550-C19911538678}.RemoteDebug|Any CPU.Build.0 = Debug|Any CPU
		{C7563CBB-CD43-4C0A-A350-1637A63DF8C9}.Debug|Any CPU.ActiveCfg = Debug|Any CPU
		{C7563CBB-CD43-4C0A-A350-1637A63DF8C9}.Debug|Any CPU.Build.0 = Debug|Any CPU
		{C7563CBB-CD43-4C0A-A350-1637A63DF8C9}.Release|Any CPU.ActiveCfg = Release|Any CPU
		{C7563CBB-CD43-4C0A-A350-1637A63DF8C9}.Release|Any CPU.Build.0 = Release|Any CPU
		{C7563CBB-CD43-4C0A-A350-1637A63DF8C9}.RemoteDebug|Any CPU.ActiveCfg = Debug|Any CPU
		{C7563CBB-CD43-4C0A-A350-1637A63DF8C9}.RemoteDebug|Any CPU.Build.0 = Debug|Any CPU
		{26324BD2-50E4-4068-8514-876FACF16EA4}.Debug|Any CPU.ActiveCfg = Debug|Any CPU
		{26324BD2-50E4-4068-8514-876FACF16EA4}.Debug|Any CPU.Build.0 = Debug|Any CPU
		{26324BD2-50E4-4068-8514-876FACF16EA4}.Release|Any CPU.ActiveCfg = Release|Any CPU
		{26324BD2-50E4-4068-8514-876FACF16EA4}.Release|Any CPU.Build.0 = Release|Any CPU
		{26324BD2-50E4-4068-8514-876FACF16EA4}.RemoteDebug|Any CPU.ActiveCfg = Debug|Any CPU
		{26324BD2-50E4-4068-8514-876FACF16EA4}.RemoteDebug|Any CPU.Build.0 = Debug|Any CPU
		{15289DD1-5B1A-4360-9FFD-BD9857D34782}.Debug|Any CPU.ActiveCfg = Debug|Any CPU
		{15289DD1-5B1A-4360-9FFD-BD9857D34782}.Debug|Any CPU.Build.0 = Debug|Any CPU
		{15289DD1-5B1A-4360-9FFD-BD9857D34782}.Release|Any CPU.ActiveCfg = Release|Any CPU
		{15289DD1-5B1A-4360-9FFD-BD9857D34782}.Release|Any CPU.Build.0 = Release|Any CPU
		{15289DD1-5B1A-4360-9FFD-BD9857D34782}.RemoteDebug|Any CPU.ActiveCfg = Debug|Any CPU
		{15289DD1-5B1A-4360-9FFD-BD9857D34782}.RemoteDebug|Any CPU.Build.0 = Debug|Any CPU
		{3043CCB3-D267-4CC0-9FF8-7BA0669C15F3}.Debug|Any CPU.ActiveCfg = Debug|Any CPU
		{3043CCB3-D267-4CC0-9FF8-7BA0669C15F3}.Debug|Any CPU.Build.0 = Debug|Any CPU
		{3043CCB3-D267-4CC0-9FF8-7BA0669C15F3}.Release|Any CPU.ActiveCfg = Release|Any CPU
		{3043CCB3-D267-4CC0-9FF8-7BA0669C15F3}.Release|Any CPU.Build.0 = Release|Any CPU
		{3043CCB3-D267-4CC0-9FF8-7BA0669C15F3}.RemoteDebug|Any CPU.ActiveCfg = Debug|Any CPU
		{3043CCB3-D267-4CC0-9FF8-7BA0669C15F3}.RemoteDebug|Any CPU.Build.0 = Debug|Any CPU
		{4A3F2F8D-C202-4340-9E89-49F5A841708A}.Debug|Any CPU.ActiveCfg = Debug|Any CPU
		{4A3F2F8D-C202-4340-9E89-49F5A841708A}.Debug|Any CPU.Build.0 = Debug|Any CPU
		{4A3F2F8D-C202-4340-9E89-49F5A841708A}.Release|Any CPU.ActiveCfg = Release|Any CPU
		{4A3F2F8D-C202-4340-9E89-49F5A841708A}.Release|Any CPU.Build.0 = Release|Any CPU
		{4A3F2F8D-C202-4340-9E89-49F5A841708A}.RemoteDebug|Any CPU.ActiveCfg = Debug|Any CPU
		{4A3F2F8D-C202-4340-9E89-49F5A841708A}.RemoteDebug|Any CPU.Build.0 = Debug|Any CPU
		{3FF6AB3E-B6EC-43BA-B3F7-72FF434357E9}.Debug|Any CPU.ActiveCfg = Debug|Any CPU
		{3FF6AB3E-B6EC-43BA-B3F7-72FF434357E9}.Debug|Any CPU.Build.0 = Debug|Any CPU
		{3FF6AB3E-B6EC-43BA-B3F7-72FF434357E9}.Release|Any CPU.ActiveCfg = Release|Any CPU
		{3FF6AB3E-B6EC-43BA-B3F7-72FF434357E9}.Release|Any CPU.Build.0 = Release|Any CPU
		{3FF6AB3E-B6EC-43BA-B3F7-72FF434357E9}.RemoteDebug|Any CPU.ActiveCfg = Debug|Any CPU
		{3FF6AB3E-B6EC-43BA-B3F7-72FF434357E9}.RemoteDebug|Any CPU.Build.0 = Debug|Any CPU
		{09DE8F6D-F9BD-42FF-B5E9-16C9047EBED7}.Debug|Any CPU.ActiveCfg = Debug|Any CPU
		{09DE8F6D-F9BD-42FF-B5E9-16C9047EBED7}.Debug|Any CPU.Build.0 = Debug|Any CPU
		{09DE8F6D-F9BD-42FF-B5E9-16C9047EBED7}.Release|Any CPU.ActiveCfg = Release|Any CPU
		{09DE8F6D-F9BD-42FF-B5E9-16C9047EBED7}.Release|Any CPU.Build.0 = Release|Any CPU
		{09DE8F6D-F9BD-42FF-B5E9-16C9047EBED7}.RemoteDebug|Any CPU.ActiveCfg = Debug|Any CPU
		{09DE8F6D-F9BD-42FF-B5E9-16C9047EBED7}.RemoteDebug|Any CPU.Build.0 = Debug|Any CPU
		{8A3F97A9-EF97-46E1-A6B0-2FE550ED9BD5}.Debug|Any CPU.ActiveCfg = Debug|Any CPU
		{8A3F97A9-EF97-46E1-A6B0-2FE550ED9BD5}.Debug|Any CPU.Build.0 = Debug|Any CPU
		{8A3F97A9-EF97-46E1-A6B0-2FE550ED9BD5}.Release|Any CPU.ActiveCfg = Release|Any CPU
		{8A3F97A9-EF97-46E1-A6B0-2FE550ED9BD5}.Release|Any CPU.Build.0 = Release|Any CPU
		{8A3F97A9-EF97-46E1-A6B0-2FE550ED9BD5}.RemoteDebug|Any CPU.ActiveCfg = Debug|Any CPU
		{8A3F97A9-EF97-46E1-A6B0-2FE550ED9BD5}.RemoteDebug|Any CPU.Build.0 = Debug|Any CPU
		{0B4BD74E-D216-44BF-BFE9-B7F338CDDAFC}.Debug|Any CPU.ActiveCfg = Debug|Any CPU
		{0B4BD74E-D216-44BF-BFE9-B7F338CDDAFC}.Debug|Any CPU.Build.0 = Debug|Any CPU
		{0B4BD74E-D216-44BF-BFE9-B7F338CDDAFC}.Release|Any CPU.ActiveCfg = Release|Any CPU
		{0B4BD74E-D216-44BF-BFE9-B7F338CDDAFC}.Release|Any CPU.Build.0 = Release|Any CPU
		{0B4BD74E-D216-44BF-BFE9-B7F338CDDAFC}.RemoteDebug|Any CPU.ActiveCfg = Debug|Any CPU
		{0B4BD74E-D216-44BF-BFE9-B7F338CDDAFC}.RemoteDebug|Any CPU.Build.0 = Debug|Any CPU
		{27F0F9AE-857F-47DC-B775-E565D9C80469}.Debug|Any CPU.ActiveCfg = Debug|Any CPU
		{27F0F9AE-857F-47DC-B775-E565D9C80469}.Debug|Any CPU.Build.0 = Debug|Any CPU
		{27F0F9AE-857F-47DC-B775-E565D9C80469}.Release|Any CPU.ActiveCfg = Release|Any CPU
		{27F0F9AE-857F-47DC-B775-E565D9C80469}.Release|Any CPU.Build.0 = Release|Any CPU
		{27F0F9AE-857F-47DC-B775-E565D9C80469}.RemoteDebug|Any CPU.ActiveCfg = Debug|Any CPU
		{27F0F9AE-857F-47DC-B775-E565D9C80469}.RemoteDebug|Any CPU.Build.0 = Debug|Any CPU
		{7F2F030E-64C1-44E2-B791-6FB43A7DC7FC}.Debug|Any CPU.ActiveCfg = Debug|Any CPU
		{7F2F030E-64C1-44E2-B791-6FB43A7DC7FC}.Debug|Any CPU.Build.0 = Debug|Any CPU
		{7F2F030E-64C1-44E2-B791-6FB43A7DC7FC}.Release|Any CPU.ActiveCfg = Release|Any CPU
		{7F2F030E-64C1-44E2-B791-6FB43A7DC7FC}.Release|Any CPU.Build.0 = Release|Any CPU
		{7F2F030E-64C1-44E2-B791-6FB43A7DC7FC}.RemoteDebug|Any CPU.ActiveCfg = Debug|Any CPU
		{7F2F030E-64C1-44E2-B791-6FB43A7DC7FC}.RemoteDebug|Any CPU.Build.0 = Debug|Any CPU
		{3C0717E5-D544-4E61-86E5-F17BCD7AE940}.Debug|Any CPU.ActiveCfg = Debug|Any CPU
		{3C0717E5-D544-4E61-86E5-F17BCD7AE940}.Debug|Any CPU.Build.0 = Debug|Any CPU
		{3C0717E5-D544-4E61-86E5-F17BCD7AE940}.Release|Any CPU.ActiveCfg = Release|Any CPU
		{3C0717E5-D544-4E61-86E5-F17BCD7AE940}.Release|Any CPU.Build.0 = Release|Any CPU
		{3C0717E5-D544-4E61-86E5-F17BCD7AE940}.RemoteDebug|Any CPU.ActiveCfg = Debug|Any CPU
		{3C0717E5-D544-4E61-86E5-F17BCD7AE940}.RemoteDebug|Any CPU.Build.0 = Debug|Any CPU
		{2F4EE682-BF7B-4AF6-8BDC-39A551C055B5}.Debug|Any CPU.ActiveCfg = Debug|Any CPU
		{2F4EE682-BF7B-4AF6-8BDC-39A551C055B5}.Debug|Any CPU.Build.0 = Debug|Any CPU
		{2F4EE682-BF7B-4AF6-8BDC-39A551C055B5}.Release|Any CPU.ActiveCfg = Release|Any CPU
		{2F4EE682-BF7B-4AF6-8BDC-39A551C055B5}.Release|Any CPU.Build.0 = Release|Any CPU
		{2F4EE682-BF7B-4AF6-8BDC-39A551C055B5}.RemoteDebug|Any CPU.ActiveCfg = Debug|Any CPU
		{2F4EE682-BF7B-4AF6-8BDC-39A551C055B5}.RemoteDebug|Any CPU.Build.0 = Debug|Any CPU
		{C7256255-2909-4C56-AA25-672B08FFC7BD}.Debug|Any CPU.ActiveCfg = Debug|Any CPU
		{C7256255-2909-4C56-AA25-672B08FFC7BD}.Debug|Any CPU.Build.0 = Debug|Any CPU
		{C7256255-2909-4C56-AA25-672B08FFC7BD}.Release|Any CPU.ActiveCfg = Release|Any CPU
		{C7256255-2909-4C56-AA25-672B08FFC7BD}.Release|Any CPU.Build.0 = Release|Any CPU
		{C7256255-2909-4C56-AA25-672B08FFC7BD}.RemoteDebug|Any CPU.ActiveCfg = Debug|Any CPU
		{C7256255-2909-4C56-AA25-672B08FFC7BD}.RemoteDebug|Any CPU.Build.0 = Debug|Any CPU
		{F243E804-8E5E-4EBB-9CB7-7E78F8CC78C1}.Debug|Any CPU.ActiveCfg = Debug|Any CPU
		{F243E804-8E5E-4EBB-9CB7-7E78F8CC78C1}.Debug|Any CPU.Build.0 = Debug|Any CPU
		{F243E804-8E5E-4EBB-9CB7-7E78F8CC78C1}.Release|Any CPU.ActiveCfg = Release|Any CPU
		{F243E804-8E5E-4EBB-9CB7-7E78F8CC78C1}.Release|Any CPU.Build.0 = Release|Any CPU
		{F243E804-8E5E-4EBB-9CB7-7E78F8CC78C1}.RemoteDebug|Any CPU.ActiveCfg = Debug|Any CPU
		{F243E804-8E5E-4EBB-9CB7-7E78F8CC78C1}.RemoteDebug|Any CPU.Build.0 = Debug|Any CPU
	EndGlobalSection
	GlobalSection(SolutionProperties) = preSolution
		HideSolutionNode = FALSE
	EndGlobalSection
	GlobalSection(NestedProjects) = preSolution
		{87045925-FD2C-4BC9-BA55-8B4080BBA49C} = {7789655B-5AB4-4FA7-87F5-CC75DA047427}
		{87783EE4-52CD-4B54-B278-B61A7B9E226A} = {7789655B-5AB4-4FA7-87F5-CC75DA047427}
		{BDC1FBE1-5F0F-4AEB-B8B0-D10A0922A3C1} = {7789655B-5AB4-4FA7-87F5-CC75DA047427}
		{47F87FC5-0CA9-4C4E-83DB-F886E7CDB543} = {7789655B-5AB4-4FA7-87F5-CC75DA047427}
		{1809BE55-BDB5-4937-ADF3-05B9A9CCED06} = {7789655B-5AB4-4FA7-87F5-CC75DA047427}
		{DF38D3F1-3F2A-49C8-9FB8-1E1667FC8177} = {7789655B-5AB4-4FA7-87F5-CC75DA047427}
		{CBA318C0-06E2-4AB7-B4A1-A5AC63A761EE} = {7789655B-5AB4-4FA7-87F5-CC75DA047427}
		{3F2DB155-61ED-4590-A732-3D610364D911} = {07694C71-F77F-4234-8AD7-D1950C655BE9}
		{4272B73E-A9A6-4873-B930-C38E44959246} = {07694C71-F77F-4234-8AD7-D1950C655BE9}
		{6218895D-00B8-422E-A514-1A27960D6ADB} = {07694C71-F77F-4234-8AD7-D1950C655BE9}
		{03477D1E-0E90-471F-A1D7-3681D6F87AEC} = {07694C71-F77F-4234-8AD7-D1950C655BE9}
		{722BBA80-D4A2-4DDF-9FCD-D623C891B129} = {07694C71-F77F-4234-8AD7-D1950C655BE9}
		{454A9CD0-D712-41EE-90FD-1230AB0078A3} = {07694C71-F77F-4234-8AD7-D1950C655BE9}
		{59B45EEC-A5C0-4587-8D96-A583E02E9E5D} = {07694C71-F77F-4234-8AD7-D1950C655BE9}
		{4FE55317-2AAB-49BA-AA14-D54A45789A00} = {07694C71-F77F-4234-8AD7-D1950C655BE9}
		{90FA2548-0D3D-4722-B550-C19911538678} = {07694C71-F77F-4234-8AD7-D1950C655BE9}
		{C7563CBB-CD43-4C0A-A350-1637A63DF8C9} = {6BED1277-39C4-4335-9F69-7D995AA256EA}
		{26324BD2-50E4-4068-8514-876FACF16EA4} = {6BED1277-39C4-4335-9F69-7D995AA256EA}
		{15289DD1-5B1A-4360-9FFD-BD9857D34782} = {6BED1277-39C4-4335-9F69-7D995AA256EA}
		{3043CCB3-D267-4CC0-9FF8-7BA0669C15F3} = {07694C71-F77F-4234-8AD7-D1950C655BE9}
		{4A3F2F8D-C202-4340-9E89-49F5A841708A} = {07694C71-F77F-4234-8AD7-D1950C655BE9}
		{3FF6AB3E-B6EC-43BA-B3F7-72FF434357E9} = {07694C71-F77F-4234-8AD7-D1950C655BE9}
		{09DE8F6D-F9BD-42FF-B5E9-16C9047EBED7} = {07694C71-F77F-4234-8AD7-D1950C655BE9}
		{8A3F97A9-EF97-46E1-A6B0-2FE550ED9BD5} = {7789655B-5AB4-4FA7-87F5-CC75DA047427}
		{0B4BD74E-D216-44BF-BFE9-B7F338CDDAFC} = {6BED1277-39C4-4335-9F69-7D995AA256EA}
		{27F0F9AE-857F-47DC-B775-E565D9C80469} = {07694C71-F77F-4234-8AD7-D1950C655BE9}
		{7F2F030E-64C1-44E2-B791-6FB43A7DC7FC} = {07694C71-F77F-4234-8AD7-D1950C655BE9}
		{3C0717E5-D544-4E61-86E5-F17BCD7AE940} = {07694C71-F77F-4234-8AD7-D1950C655BE9}
		{2F4EE682-BF7B-4AF6-8BDC-39A551C055B5} = {259A3A27-E418-4638-BD00-D4F67EF41A63}
		{C7256255-2909-4C56-AA25-672B08FFC7BD} = {259A3A27-E418-4638-BD00-D4F67EF41A63}
		{F243E804-8E5E-4EBB-9CB7-7E78F8CC78C1} = {D7229B83-E32A-41BD-B8FF-982F7B41F109}
	EndGlobalSection
	GlobalSection(ExtensibilityGlobals) = postSolution
		SolutionGuid = {B028A9A2-E37C-44AF-8032-C8F0492BDB00}
	EndGlobalSection
EndGlobal
