
Microsoft Visual Studio Solution File, Format Version 12.00
# Visual Studio Version 16
VisualStudioVersion = 16.0.29418.71
MinimumVisualStudioVersion = 10.0.40219.1
Project("{9A19103F-16F7-4668-BE54-9A1E7A4F7556}") = "BaSyx.AASX.Server.Http.App", "BaSyx.AASX.Server.Http.App\BaSyx.AASX.Server.Http.App.csproj", "{A8EB258D-14B9-4E82-A2E2-DF87A70A5848}"
EndProject
Project("{9A19103F-16F7-4668-BE54-9A1E7A4F7556}") = "BaSyx.Registry.Server.Http.App", "BaSyx.Registry.Server.Http.App\BaSyx.Registry.Server.Http.App.csproj", "{DF9E563B-B541-49FC-B6F8-03FABFB6CB0E}"
EndProject
Project("{9A19103F-16F7-4668-BE54-9A1E7A4F7556}") = "BaSyx.AssetAdministrationShellRepository.Server.Http.App", "BaSyx.AssetAdministrationShellRepository.Server.Http.App\BaSyx.AssetAdministrationShellRepository.Server.Http.App.csproj", "{BE2FA888-9410-4934-A149-4EB475E02023}"
EndProject
Project("{9A19103F-16F7-4668-BE54-9A1E7A4F7556}") = "BaSyx.WebUI", "BaSyx.WebUI\BaSyx.WebUI.csproj", "{24E4D577-02A3-480E-B8F3-68EC75B09916}"
EndProject
Project("{2150E333-8FDC-42A3-9474-1A3956D46DE8}") = "Solution Items", "Solution Items", "{55794310-6200-427E-808B-4214EF61A009}"
	ProjectSection(SolutionItems) = preProject
		LICENSE-3RD-PARTY.txt = LICENSE-3RD-PARTY.txt
	EndProjectSection
EndProject
Global
	GlobalSection(SolutionConfigurationPlatforms) = preSolution
		Debug|Any CPU = Debug|Any CPU
		Release|Any CPU = Release|Any CPU
	EndGlobalSection
	GlobalSection(ProjectConfigurationPlatforms) = postSolution
		{A8EB258D-14B9-4E82-A2E2-DF87A70A5848}.Debug|Any CPU.ActiveCfg = Debug|Any CPU
		{A8EB258D-14B9-4E82-A2E2-DF87A70A5848}.Debug|Any CPU.Build.0 = Debug|Any CPU
		{A8EB258D-14B9-4E82-A2E2-DF87A70A5848}.Release|Any CPU.ActiveCfg = Release|Any CPU
		{A8EB258D-14B9-4E82-A2E2-DF87A70A5848}.Release|Any CPU.Build.0 = Release|Any CPU
		{DF9E563B-B541-49FC-B6F8-03FABFB6CB0E}.Debug|Any CPU.ActiveCfg = Debug|Any CPU
		{DF9E563B-B541-49FC-B6F8-03FABFB6CB0E}.Debug|Any CPU.Build.0 = Debug|Any CPU
		{DF9E563B-B541-49FC-B6F8-03FABFB6CB0E}.Release|Any CPU.ActiveCfg = Release|Any CPU
		{DF9E563B-B541-49FC-B6F8-03FABFB6CB0E}.Release|Any CPU.Build.0 = Release|Any CPU
		{BE2FA888-9410-4934-A149-4EB475E02023}.Debug|Any CPU.ActiveCfg = Debug|Any CPU
		{BE2FA888-9410-4934-A149-4EB475E02023}.Debug|Any CPU.Build.0 = Debug|Any CPU
		{BE2FA888-9410-4934-A149-4EB475E02023}.Release|Any CPU.ActiveCfg = Release|Any CPU
		{BE2FA888-9410-4934-A149-4EB475E02023}.Release|Any CPU.Build.0 = Release|Any CPU
		{24E4D577-02A3-480E-B8F3-68EC75B09916}.Debug|Any CPU.ActiveCfg = Debug|Any CPU
		{24E4D577-02A3-480E-B8F3-68EC75B09916}.Debug|Any CPU.Build.0 = Debug|Any CPU
		{24E4D577-02A3-480E-B8F3-68EC75B09916}.Release|Any CPU.ActiveCfg = Release|Any CPU
		{24E4D577-02A3-480E-B8F3-68EC75B09916}.Release|Any CPU.Build.0 = Release|Any CPU
	EndGlobalSection
	GlobalSection(SolutionProperties) = preSolution
		HideSolutionNode = FALSE
	EndGlobalSection
	GlobalSection(ExtensibilityGlobals) = postSolution
		SolutionGuid = {8DC440E9-3A4D-4D67-B741-72B8F15EB8C7}
	EndGlobalSection
EndGlobal
